// !$*UTF8*$!
{
	archiveVersion = 1;
	classes = {
	};
	objectVersion = 56;
	objects = {

/* Begin PBXBuildFile section */
		DA2B1CE92C78134800C265B2 /* AllTagsFragmentView.swift in Sources */ = {isa = PBXBuildFile; fileRef = DA2B1CE82C78134700C265B2 /* AllTagsFragmentView.swift */; };
		DA38A3452C75890F007C3FB4 /* TodoViewHelpers.swift in Sources */ = {isa = PBXBuildFile; fileRef = DA38A3442C75890F007C3FB4 /* TodoViewHelpers.swift */; };
		DA38A3492C759D14007C3FB4 /* DueDateFragmentView.swift in Sources */ = {isa = PBXBuildFile; fileRef = DA38A3482C759D14007C3FB4 /* DueDateFragmentView.swift */; };
		DA38A34D2C76B78C007C3FB4 /* SettingsView.swift in Sources */ = {isa = PBXBuildFile; fileRef = DA38A34C2C76B78C007C3FB4 /* SettingsView.swift */; };
		DA38A3502C76D009007C3FB4 /* NotificationAndSoundsView.swift in Sources */ = {isa = PBXBuildFile; fileRef = DA38A34F2C76D009007C3FB4 /* NotificationAndSoundsView.swift */; };
		DA38A3522C76F30C007C3FB4 /* DataAndStorageView.swift in Sources */ = {isa = PBXBuildFile; fileRef = DA38A3512C76F30C007C3FB4 /* DataAndStorageView.swift */; };
		DA38A3562C770C16007C3FB4 /* TagLazyFragmentView.swift in Sources */ = {isa = PBXBuildFile; fileRef = DA38A3552C770C16007C3FB4 /* TagLazyFragmentView.swift */; };
		DA38A3582C771E8E007C3FB4 /* AddingTagView.swift in Sources */ = {isa = PBXBuildFile; fileRef = DA38A3572C771E8E007C3FB4 /* AddingTagView.swift */; };
		DA4B19792C79975C00899303 /* PrivacyAndSecurityManaging.swift in Sources */ = {isa = PBXBuildFile; fileRef = DA4B19782C79975C00899303 /* PrivacyAndSecurityManaging.swift */; };
		DA4B197B2C79980400899303 /* PrivacyAndSecuritySettingsManager.swift in Sources */ = {isa = PBXBuildFile; fileRef = DA4B197A2C79980400899303 /* PrivacyAndSecuritySettingsManager.swift */; };
		DA4B197D2C7999F900899303 /* ArchivedTodosView.swift in Sources */ = {isa = PBXBuildFile; fileRef = DA4B197C2C7999F900899303 /* ArchivedTodosView.swift */; };
		DA4B197F2C79AC8300899303 /* RemovedTodosView.swift in Sources */ = {isa = PBXBuildFile; fileRef = DA4B197E2C79AC8300899303 /* RemovedTodosView.swift */; };
		DA4B19812C79C46400899303 /* ArchivedTodoDetailView.swift in Sources */ = {isa = PBXBuildFile; fileRef = DA4B19802C79C46400899303 /* ArchivedTodoDetailView.swift */; };
		DA4B19842C7ABE6800899303 /* MockPrivacySecurityManager.swift in Sources */ = {isa = PBXBuildFile; fileRef = DA4B19832C7ABE6800899303 /* MockPrivacySecurityManager.swift */; };
		DA4B19862C7ABED300899303 /* PrivacySecuritySettingsView.swift in Sources */ = {isa = PBXBuildFile; fileRef = DA4B19852C7ABED300899303 /* PrivacySecuritySettingsView.swift */; };
		DA4B19882C7AD64900899303 /* AuthenticateUserFragmentView.swift in Sources */ = {isa = PBXBuildFile; fileRef = DA4B19872C7AD64900899303 /* AuthenticateUserFragmentView.swift */; };
		DA4B19902C7AF19700899303 /* Localizable.xcstrings in Resources */ = {isa = PBXBuildFile; fileRef = DA4B198F2C7AF19700899303 /* Localizable.xcstrings */; };
		DA6944692C7C2D330032437C /* AppearanceView.swift in Sources */ = {isa = PBXBuildFile; fileRef = DA6944682C7C2D330032437C /* AppearanceView.swift */; };
		DA69446B2C7C3DB80032437C /* AppearanceSettingsManaging.swift in Sources */ = {isa = PBXBuildFile; fileRef = DA69446A2C7C3DB80032437C /* AppearanceSettingsManaging.swift */; };
		DA69446D2C7C3E760032437C /* AppearanceSettingsManager.swift in Sources */ = {isa = PBXBuildFile; fileRef = DA69446C2C7C3E760032437C /* AppearanceSettingsManager.swift */; };
		DA69446F2C7C40A30032437C /* ColorThemes.swift in Sources */ = {isa = PBXBuildFile; fileRef = DA69446E2C7C40A30032437C /* ColorThemes.swift */; };
		DA6944712C7C45BA0032437C /* MockAppearanceSettingsManager.swift in Sources */ = {isa = PBXBuildFile; fileRef = DA6944702C7C45BA0032437C /* MockAppearanceSettingsManager.swift */; };
		DA78376F2C74697F0007ECC2 /* ToDoEditView.swift in Sources */ = {isa = PBXBuildFile; fileRef = DA78376E2C74697F0007ECC2 /* ToDoEditView.swift */; };
		DA9409DC2C78471C004D054E /* TagViewModel.swift in Sources */ = {isa = PBXBuildFile; fileRef = DA9409DB2C78471C004D054E /* TagViewModel.swift */; };
		DA9409E32C7872E5004D054E /* NotificationSettingsManaging.swift in Sources */ = {isa = PBXBuildFile; fileRef = DA9409E22C7872E5004D054E /* NotificationSettingsManaging.swift */; };
		DA9409E52C78748A004D054E /* NotificationSettingsManager.swift in Sources */ = {isa = PBXBuildFile; fileRef = DA9409E42C78748A004D054E /* NotificationSettingsManager.swift */; };
		DA9409E72C78772F004D054E /* SettingsManaging.swift in Sources */ = {isa = PBXBuildFile; fileRef = DA9409E62C78772F004D054E /* SettingsManaging.swift */; };
		DA9409E92C7877C4004D054E /* SettingsManager.swift in Sources */ = {isa = PBXBuildFile; fileRef = DA9409E82C7877C4004D054E /* SettingsManager.swift */; };
		DA9409EB2C787810004D054E /* SettingsManagerViewModel.swift in Sources */ = {isa = PBXBuildFile; fileRef = DA9409EA2C787810004D054E /* SettingsManagerViewModel.swift */; };
		DA9409EE2C787981004D054E /* MockSettingsManager.swift in Sources */ = {isa = PBXBuildFile; fileRef = DA9409ED2C787981004D054E /* MockSettingsManager.swift */; };
		DA9409F02C7879BE004D054E /* MockNotificationSettingsManager.swift in Sources */ = {isa = PBXBuildFile; fileRef = DA9409EF2C7879BE004D054E /* MockNotificationSettingsManager.swift */; };
		DA9409F22C787BA8004D054E /* MockPreviews.swift in Sources */ = {isa = PBXBuildFile; fileRef = DA9409F12C787BA8004D054E /* MockPreviews.swift */; };
		DA9409F42C787C4C004D054E /* DataStorageManaging.swift in Sources */ = {isa = PBXBuildFile; fileRef = DA9409F32C787C4C004D054E /* DataStorageManaging.swift */; };
		DA9409F62C787D9A004D054E /* DataAndStorageManager.swift in Sources */ = {isa = PBXBuildFile; fileRef = DA9409F52C787D9A004D054E /* DataAndStorageManager.swift */; };
		DA9409F82C78822A004D054E /* MockDataAndStorageManager.swift in Sources */ = {isa = PBXBuildFile; fileRef = DA9409F72C78822A004D054E /* MockDataAndStorageManager.swift */; };
		DAF0635A2C7D65FC00ADE7E8 /* TagSettingsView.swift in Sources */ = {isa = PBXBuildFile; fileRef = DAF063592C7D65FC00ADE7E8 /* TagSettingsView.swift */; };
		DAF0635C2C7E85AB00ADE7E8 /* FAQView.swift in Sources */ = {isa = PBXBuildFile; fileRef = DAF0635B2C7E85AB00ADE7E8 /* FAQView.swift */; };
		DAF0635E2C7EC43D00ADE7E8 /* TagsForTodoView.swift in Sources */ = {isa = PBXBuildFile; fileRef = DAF0635D2C7EC43D00ADE7E8 /* TagsForTodoView.swift */; };
		DAF063622C7EDFA900ADE7E8 /* LaunchScreen.swift in Sources */ = {isa = PBXBuildFile; fileRef = DAF063612C7EDFA900ADE7E8 /* LaunchScreen.swift */; };
		DAF659D52C72FE4D004D8ACA /* TaskyApp.swift in Sources */ = {isa = PBXBuildFile; fileRef = DAF659D42C72FE4D004D8ACA /* TaskyApp.swift */; };
		DAF659D72C72FE4D004D8ACA /* MainView.swift in Sources */ = {isa = PBXBuildFile; fileRef = DAF659D62C72FE4D004D8ACA /* MainView.swift */; };
		DAF659D92C72FE4F004D8ACA /* Assets.xcassets in Resources */ = {isa = PBXBuildFile; fileRef = DAF659D82C72FE4F004D8ACA /* Assets.xcassets */; };
		DAF659DC2C72FE4F004D8ACA /* Preview Assets.xcassets in Resources */ = {isa = PBXBuildFile; fileRef = DAF659DB2C72FE4F004D8ACA /* Preview Assets.xcassets */; };
		DAF659EB2C72FFE5004D8ACA /* PersistentController.swift in Sources */ = {isa = PBXBuildFile; fileRef = DAF659EA2C72FFE5004D8ACA /* PersistentController.swift */; };
		DAF659EE2C730284004D8ACA /* TodoModel.xcdatamodeld in Sources */ = {isa = PBXBuildFile; fileRef = DAF659EC2C730284004D8ACA /* TodoModel.xcdatamodeld */; };
		DAF659F02C7302F8004D8ACA /* TodoView.swift in Sources */ = {isa = PBXBuildFile; fileRef = DAF659EF2C7302F8004D8ACA /* TodoView.swift */; };
		DAF659F42C730707004D8ACA /* TodoViewModel.swift in Sources */ = {isa = PBXBuildFile; fileRef = DAF659F32C730707004D8ACA /* TodoViewModel.swift */; };
		DAF659F62C730CFE004D8ACA /* AddTodoView.swift in Sources */ = {isa = PBXBuildFile; fileRef = DAF659F52C730CFE004D8ACA /* AddTodoView.swift */; };
		DAF659F82C730DFF004D8ACA /* Constants.swift in Sources */ = {isa = PBXBuildFile; fileRef = DAF659F72C730DFF004D8ACA /* Constants.swift */; };
		DAF659FB2C731878004D8ACA /* PriorityCapsuleView.swift in Sources */ = {isa = PBXBuildFile; fileRef = DAF659FA2C731878004D8ACA /* PriorityCapsuleView.swift */; };
		DAF65A002C732950004D8ACA /* TodoDetailView.swift in Sources */ = {isa = PBXBuildFile; fileRef = DAF659FF2C732950004D8ACA /* TodoDetailView.swift */; };
/* End PBXBuildFile section */

/* Begin PBXFileReference section */
		DA2B1CE82C78134700C265B2 /* AllTagsFragmentView.swift */ = {isa = PBXFileReference; lastKnownFileType = sourcecode.swift; path = AllTagsFragmentView.swift; sourceTree = "<group>"; };
		DA38A3442C75890F007C3FB4 /* TodoViewHelpers.swift */ = {isa = PBXFileReference; lastKnownFileType = sourcecode.swift; path = TodoViewHelpers.swift; sourceTree = "<group>"; };
		DA38A3482C759D14007C3FB4 /* DueDateFragmentView.swift */ = {isa = PBXFileReference; lastKnownFileType = sourcecode.swift; path = DueDateFragmentView.swift; sourceTree = "<group>"; };
		DA38A34C2C76B78C007C3FB4 /* SettingsView.swift */ = {isa = PBXFileReference; lastKnownFileType = sourcecode.swift; path = SettingsView.swift; sourceTree = "<group>"; };
		DA38A34F2C76D009007C3FB4 /* NotificationAndSoundsView.swift */ = {isa = PBXFileReference; lastKnownFileType = sourcecode.swift; path = NotificationAndSoundsView.swift; sourceTree = "<group>"; };
		DA38A3512C76F30C007C3FB4 /* DataAndStorageView.swift */ = {isa = PBXFileReference; lastKnownFileType = sourcecode.swift; path = DataAndStorageView.swift; sourceTree = "<group>"; };
		DA38A3552C770C16007C3FB4 /* TagLazyFragmentView.swift */ = {isa = PBXFileReference; lastKnownFileType = sourcecode.swift; path = TagLazyFragmentView.swift; sourceTree = "<group>"; };
		DA38A3572C771E8E007C3FB4 /* AddingTagView.swift */ = {isa = PBXFileReference; lastKnownFileType = sourcecode.swift; path = AddingTagView.swift; sourceTree = "<group>"; };
		DA4B19782C79975C00899303 /* PrivacyAndSecurityManaging.swift */ = {isa = PBXFileReference; lastKnownFileType = sourcecode.swift; path = PrivacyAndSecurityManaging.swift; sourceTree = "<group>"; };
		DA4B197A2C79980400899303 /* PrivacyAndSecuritySettingsManager.swift */ = {isa = PBXFileReference; lastKnownFileType = sourcecode.swift; path = PrivacyAndSecuritySettingsManager.swift; sourceTree = "<group>"; };
		DA4B197C2C7999F900899303 /* ArchivedTodosView.swift */ = {isa = PBXFileReference; lastKnownFileType = sourcecode.swift; path = ArchivedTodosView.swift; sourceTree = "<group>"; };
		DA4B197E2C79AC8300899303 /* RemovedTodosView.swift */ = {isa = PBXFileReference; lastKnownFileType = sourcecode.swift; path = RemovedTodosView.swift; sourceTree = "<group>"; };
		DA4B19802C79C46400899303 /* ArchivedTodoDetailView.swift */ = {isa = PBXFileReference; lastKnownFileType = sourcecode.swift; path = ArchivedTodoDetailView.swift; sourceTree = "<group>"; };
		DA4B19822C7AB26D00899303 /* Info.plist */ = {isa = PBXFileReference; lastKnownFileType = text.plist; path = Info.plist; sourceTree = "<group>"; };
		DA4B19832C7ABE6800899303 /* MockPrivacySecurityManager.swift */ = {isa = PBXFileReference; lastKnownFileType = sourcecode.swift; path = MockPrivacySecurityManager.swift; sourceTree = "<group>"; };
		DA4B19852C7ABED300899303 /* PrivacySecuritySettingsView.swift */ = {isa = PBXFileReference; lastKnownFileType = sourcecode.swift; path = PrivacySecuritySettingsView.swift; sourceTree = "<group>"; };
		DA4B19872C7AD64900899303 /* AuthenticateUserFragmentView.swift */ = {isa = PBXFileReference; lastKnownFileType = sourcecode.swift; path = AuthenticateUserFragmentView.swift; sourceTree = "<group>"; };
		DA4B198F2C7AF19700899303 /* Localizable.xcstrings */ = {isa = PBXFileReference; lastKnownFileType = text.json.xcstrings; path = Localizable.xcstrings; sourceTree = "<group>"; };
		DA6944682C7C2D330032437C /* AppearanceView.swift */ = {isa = PBXFileReference; lastKnownFileType = sourcecode.swift; path = AppearanceView.swift; sourceTree = "<group>"; };
		DA69446A2C7C3DB80032437C /* AppearanceSettingsManaging.swift */ = {isa = PBXFileReference; lastKnownFileType = sourcecode.swift; path = AppearanceSettingsManaging.swift; sourceTree = "<group>"; };
		DA69446C2C7C3E760032437C /* AppearanceSettingsManager.swift */ = {isa = PBXFileReference; lastKnownFileType = sourcecode.swift; path = AppearanceSettingsManager.swift; sourceTree = "<group>"; };
		DA69446E2C7C40A30032437C /* ColorThemes.swift */ = {isa = PBXFileReference; lastKnownFileType = sourcecode.swift; path = ColorThemes.swift; sourceTree = "<group>"; };
		DA6944702C7C45BA0032437C /* MockAppearanceSettingsManager.swift */ = {isa = PBXFileReference; lastKnownFileType = sourcecode.swift; path = MockAppearanceSettingsManager.swift; sourceTree = "<group>"; };
		DA78376E2C74697F0007ECC2 /* ToDoEditView.swift */ = {isa = PBXFileReference; lastKnownFileType = sourcecode.swift; path = ToDoEditView.swift; sourceTree = "<group>"; };
		DA9409DB2C78471C004D054E /* TagViewModel.swift */ = {isa = PBXFileReference; lastKnownFileType = sourcecode.swift; path = TagViewModel.swift; sourceTree = "<group>"; };
		DA9409E22C7872E5004D054E /* NotificationSettingsManaging.swift */ = {isa = PBXFileReference; lastKnownFileType = sourcecode.swift; path = NotificationSettingsManaging.swift; sourceTree = "<group>"; };
		DA9409E42C78748A004D054E /* NotificationSettingsManager.swift */ = {isa = PBXFileReference; lastKnownFileType = sourcecode.swift; path = NotificationSettingsManager.swift; sourceTree = "<group>"; };
		DA9409E62C78772F004D054E /* SettingsManaging.swift */ = {isa = PBXFileReference; lastKnownFileType = sourcecode.swift; path = SettingsManaging.swift; sourceTree = "<group>"; };
		DA9409E82C7877C4004D054E /* SettingsManager.swift */ = {isa = PBXFileReference; lastKnownFileType = sourcecode.swift; path = SettingsManager.swift; sourceTree = "<group>"; };
		DA9409EA2C787810004D054E /* SettingsManagerViewModel.swift */ = {isa = PBXFileReference; lastKnownFileType = sourcecode.swift; path = SettingsManagerViewModel.swift; sourceTree = "<group>"; };
		DA9409ED2C787981004D054E /* MockSettingsManager.swift */ = {isa = PBXFileReference; lastKnownFileType = sourcecode.swift; path = MockSettingsManager.swift; sourceTree = "<group>"; };
		DA9409EF2C7879BE004D054E /* MockNotificationSettingsManager.swift */ = {isa = PBXFileReference; lastKnownFileType = sourcecode.swift; path = MockNotificationSettingsManager.swift; sourceTree = "<group>"; };
		DA9409F12C787BA8004D054E /* MockPreviews.swift */ = {isa = PBXFileReference; lastKnownFileType = sourcecode.swift; path = MockPreviews.swift; sourceTree = "<group>"; };
		DA9409F32C787C4C004D054E /* DataStorageManaging.swift */ = {isa = PBXFileReference; lastKnownFileType = sourcecode.swift; path = DataStorageManaging.swift; sourceTree = "<group>"; };
		DA9409F52C787D9A004D054E /* DataAndStorageManager.swift */ = {isa = PBXFileReference; lastKnownFileType = sourcecode.swift; path = DataAndStorageManager.swift; sourceTree = "<group>"; };
		DA9409F72C78822A004D054E /* MockDataAndStorageManager.swift */ = {isa = PBXFileReference; lastKnownFileType = sourcecode.swift; path = MockDataAndStorageManager.swift; sourceTree = "<group>"; };
		DAF063592C7D65FC00ADE7E8 /* TagSettingsView.swift */ = {isa = PBXFileReference; lastKnownFileType = sourcecode.swift; path = TagSettingsView.swift; sourceTree = "<group>"; };
		DAF0635B2C7E85AB00ADE7E8 /* FAQView.swift */ = {isa = PBXFileReference; lastKnownFileType = sourcecode.swift; path = FAQView.swift; sourceTree = "<group>"; };
		DAF0635D2C7EC43D00ADE7E8 /* TagsForTodoView.swift */ = {isa = PBXFileReference; lastKnownFileType = sourcecode.swift; path = TagsForTodoView.swift; sourceTree = "<group>"; };
		DAF063612C7EDFA900ADE7E8 /* LaunchScreen.swift */ = {isa = PBXFileReference; lastKnownFileType = sourcecode.swift; path = LaunchScreen.swift; sourceTree = "<group>"; };
		DAF659D12C72FE4D004D8ACA /* Tasky.app */ = {isa = PBXFileReference; explicitFileType = wrapper.application; includeInIndex = 0; path = Tasky.app; sourceTree = BUILT_PRODUCTS_DIR; };
		DAF659D42C72FE4D004D8ACA /* TaskyApp.swift */ = {isa = PBXFileReference; lastKnownFileType = sourcecode.swift; path = TaskyApp.swift; sourceTree = "<group>"; };
		DAF659D62C72FE4D004D8ACA /* MainView.swift */ = {isa = PBXFileReference; lastKnownFileType = sourcecode.swift; path = MainView.swift; sourceTree = "<group>"; };
		DAF659D82C72FE4F004D8ACA /* Assets.xcassets */ = {isa = PBXFileReference; lastKnownFileType = folder.assetcatalog; path = Assets.xcassets; sourceTree = "<group>"; };
		DAF659DB2C72FE4F004D8ACA /* Preview Assets.xcassets */ = {isa = PBXFileReference; lastKnownFileType = folder.assetcatalog; path = "Preview Assets.xcassets"; sourceTree = "<group>"; };
		DAF659EA2C72FFE5004D8ACA /* PersistentController.swift */ = {isa = PBXFileReference; lastKnownFileType = sourcecode.swift; path = PersistentController.swift; sourceTree = "<group>"; };
		DAF659ED2C730284004D8ACA /* TodoModel.xcdatamodel */ = {isa = PBXFileReference; lastKnownFileType = wrapper.xcdatamodel; path = TodoModel.xcdatamodel; sourceTree = "<group>"; };
		DAF659EF2C7302F8004D8ACA /* TodoView.swift */ = {isa = PBXFileReference; lastKnownFileType = sourcecode.swift; path = TodoView.swift; sourceTree = "<group>"; };
		DAF659F32C730707004D8ACA /* TodoViewModel.swift */ = {isa = PBXFileReference; lastKnownFileType = sourcecode.swift; path = TodoViewModel.swift; sourceTree = "<group>"; };
		DAF659F52C730CFE004D8ACA /* AddTodoView.swift */ = {isa = PBXFileReference; lastKnownFileType = sourcecode.swift; path = AddTodoView.swift; sourceTree = "<group>"; };
		DAF659F72C730DFF004D8ACA /* Constants.swift */ = {isa = PBXFileReference; lastKnownFileType = sourcecode.swift; path = Constants.swift; sourceTree = "<group>"; };
		DAF659FA2C731878004D8ACA /* PriorityCapsuleView.swift */ = {isa = PBXFileReference; lastKnownFileType = sourcecode.swift; path = PriorityCapsuleView.swift; sourceTree = "<group>"; };
		DAF659FF2C732950004D8ACA /* TodoDetailView.swift */ = {isa = PBXFileReference; lastKnownFileType = sourcecode.swift; path = TodoDetailView.swift; sourceTree = "<group>"; };
/* End PBXFileReference section */

/* Begin PBXFrameworksBuildPhase section */
		DAF659CE2C72FE4D004D8ACA /* Frameworks */ = {
			isa = PBXFrameworksBuildPhase;
			buildActionMask = 2147483647;
			files = (
			);
			runOnlyForDeploymentPostprocessing = 0;
		};
/* End PBXFrameworksBuildPhase section */

/* Begin PBXGroup section */
		DA38A34E2C76CFF0007C3FB4 /* SettingsViews */ = {
			isa = PBXGroup;
			children = (
				DAF063592C7D65FC00ADE7E8 /* TagSettingsView.swift */,
				DA38A34F2C76D009007C3FB4 /* NotificationAndSoundsView.swift */,
				DA38A3512C76F30C007C3FB4 /* DataAndStorageView.swift */,
				DA4B19802C79C46400899303 /* ArchivedTodoDetailView.swift */,
				DA4B19852C7ABED300899303 /* PrivacySecuritySettingsView.swift */,
				DA6944682C7C2D330032437C /* AppearanceView.swift */,
				DAF0635B2C7E85AB00ADE7E8 /* FAQView.swift */,
			);
			path = SettingsViews;
			sourceTree = "<group>";
		};
		DA9409DF2C7872AD004D054E /* Settings */ = {
			isa = PBXGroup;
			children = (
				DA9409E02C7872BA004D054E /* Protocols */,
				DA9409E12C7872C1004D054E /* Managers */,
				DA9409E82C7877C4004D054E /* SettingsManager.swift */,
				DA9409EA2C787810004D054E /* SettingsManagerViewModel.swift */,
			);
			path = Settings;
			sourceTree = "<group>";
		};
		DA9409E02C7872BA004D054E /* Protocols */ = {
			isa = PBXGroup;
			children = (
				DA9409E22C7872E5004D054E /* NotificationSettingsManaging.swift */,
				DA9409E62C78772F004D054E /* SettingsManaging.swift */,
				DA9409F32C787C4C004D054E /* DataStorageManaging.swift */,
				DA4B19782C79975C00899303 /* PrivacyAndSecurityManaging.swift */,
				DA69446A2C7C3DB80032437C /* AppearanceSettingsManaging.swift */,
			);
			path = Protocols;
			sourceTree = "<group>";
		};
		DA9409E12C7872C1004D054E /* Managers */ = {
			isa = PBXGroup;
			children = (
				DA9409E42C78748A004D054E /* NotificationSettingsManager.swift */,
				DA9409F52C787D9A004D054E /* DataAndStorageManager.swift */,
				DA4B197A2C79980400899303 /* PrivacyAndSecuritySettingsManager.swift */,
				DA69446C2C7C3E760032437C /* AppearanceSettingsManager.swift */,
			);
			path = Managers;
			sourceTree = "<group>";
		};
		DA9409EC2C787976004D054E /* Mocks */ = {
			isa = PBXGroup;
			children = (
				DA9409ED2C787981004D054E /* MockSettingsManager.swift */,
				DA9409EF2C7879BE004D054E /* MockNotificationSettingsManager.swift */,
				DA9409F72C78822A004D054E /* MockDataAndStorageManager.swift */,
				DA4B19832C7ABE6800899303 /* MockPrivacySecurityManager.swift */,
				DA6944702C7C45BA0032437C /* MockAppearanceSettingsManager.swift */,
			);
			path = Mocks;
			sourceTree = "<group>";
		};
		DAF659C82C72FE4D004D8ACA = {
			isa = PBXGroup;
			children = (
				DAF659D32C72FE4D004D8ACA /* Tasky */,
				DAF659D22C72FE4D004D8ACA /* Products */,
			);
			sourceTree = "<group>";
		};
		DAF659D22C72FE4D004D8ACA /* Products */ = {
			isa = PBXGroup;
			children = (
				DAF659D12C72FE4D004D8ACA /* Tasky.app */,
			);
			name = Products;
			sourceTree = "<group>";
		};
		DAF659D32C72FE4D004D8ACA /* Tasky */ = {
			isa = PBXGroup;
			children = (
				DA4B19822C7AB26D00899303 /* Info.plist */,
				DAF659E62C72FEE7004D8ACA /* App */,
				DA9409DF2C7872AD004D054E /* Settings */,
				DAF659E32C72FE87004D8ACA /* Models */,
				DAF659E42C72FE8C004D8ACA /* Views */,
				DAF659F22C7306D2004D8ACA /* ViewModels */,
				DA9409EC2C787976004D054E /* Mocks */,
				DAF659E52C72FE93004D8ACA /* Utilities */,
				DAF659E22C72FE7E004D8ACA /* Controllers */,
				DAF659DA2C72FE4F004D8ACA /* Preview Content */,
				DA4B198F2C7AF19700899303 /* Localizable.xcstrings */,
				DAF659D82C72FE4F004D8ACA /* Assets.xcassets */,
			);
			path = Tasky;
			sourceTree = "<group>";
		};
		DAF659DA2C72FE4F004D8ACA /* Preview Content */ = {
			isa = PBXGroup;
			children = (
				DAF659DB2C72FE4F004D8ACA /* Preview Assets.xcassets */,
			);
			path = "Preview Content";
			sourceTree = "<group>";
		};
		DAF659E22C72FE7E004D8ACA /* Controllers */ = {
			isa = PBXGroup;
			children = (
				DAF659EA2C72FFE5004D8ACA /* PersistentController.swift */,
			);
			path = Controllers;
			sourceTree = "<group>";
		};
		DAF659E32C72FE87004D8ACA /* Models */ = {
			isa = PBXGroup;
			children = (
				DAF659EC2C730284004D8ACA /* TodoModel.xcdatamodeld */,
			);
			path = Models;
			sourceTree = "<group>";
		};
		DAF659E42C72FE8C004D8ACA /* Views */ = {
			isa = PBXGroup;
			children = (
				DAF659FE2C73293E004D8ACA /* Screens */,
				DA38A34E2C76CFF0007C3FB4 /* SettingsViews */,
				DAF659F92C731859004D8ACA /* FragmentViews */,
			);
			path = Views;
			sourceTree = "<group>";
		};
		DAF659E52C72FE93004D8ACA /* Utilities */ = {
			isa = PBXGroup;
			children = (
				DAF659F72C730DFF004D8ACA /* Constants.swift */,
				DA38A3442C75890F007C3FB4 /* TodoViewHelpers.swift */,
				DA9409F12C787BA8004D054E /* MockPreviews.swift */,
				DA69446E2C7C40A30032437C /* ColorThemes.swift */,
			);
			path = Utilities;
			sourceTree = "<group>";
		};
		DAF659E62C72FEE7004D8ACA /* App */ = {
			isa = PBXGroup;
			children = (
				DAF659D42C72FE4D004D8ACA /* TaskyApp.swift */,
			);
			path = App;
			sourceTree = "<group>";
		};
		DAF659F22C7306D2004D8ACA /* ViewModels */ = {
			isa = PBXGroup;
			children = (
				DAF659F32C730707004D8ACA /* TodoViewModel.swift */,
				DA9409DB2C78471C004D054E /* TagViewModel.swift */,
			);
			path = ViewModels;
			sourceTree = "<group>";
		};
		DAF659F92C731859004D8ACA /* FragmentViews */ = {
			isa = PBXGroup;
			children = (
				DAF659FA2C731878004D8ACA /* PriorityCapsuleView.swift */,
				DA38A3482C759D14007C3FB4 /* DueDateFragmentView.swift */,
				DA38A3552C770C16007C3FB4 /* TagLazyFragmentView.swift */,
				DA38A3572C771E8E007C3FB4 /* AddingTagView.swift */,
				DA2B1CE82C78134700C265B2 /* AllTagsFragmentView.swift */,
				DA4B197C2C7999F900899303 /* ArchivedTodosView.swift */,
				DA4B197E2C79AC8300899303 /* RemovedTodosView.swift */,
				DA4B19872C7AD64900899303 /* AuthenticateUserFragmentView.swift */,
				DAF0635D2C7EC43D00ADE7E8 /* TagsForTodoView.swift */,
			);
			path = FragmentViews;
			sourceTree = "<group>";
		};
		DAF659FE2C73293E004D8ACA /* Screens */ = {
			isa = PBXGroup;
			children = (
				DAF659D62C72FE4D004D8ACA /* MainView.swift */,
				DAF659EF2C7302F8004D8ACA /* TodoView.swift */,
				DAF659F52C730CFE004D8ACA /* AddTodoView.swift */,
				DAF659FF2C732950004D8ACA /* TodoDetailView.swift */,
				DA78376E2C74697F0007ECC2 /* ToDoEditView.swift */,
				DA38A34C2C76B78C007C3FB4 /* SettingsView.swift */,
				DAF063612C7EDFA900ADE7E8 /* LaunchScreen.swift */,
			);
			path = Screens;
			sourceTree = "<group>";
		};
/* End PBXGroup section */

/* Begin PBXNativeTarget section */
		DAF659D02C72FE4D004D8ACA /* Tasky */ = {
			isa = PBXNativeTarget;
			buildConfigurationList = DAF659DF2C72FE4F004D8ACA /* Build configuration list for PBXNativeTarget "Tasky" */;
			buildPhases = (
				DAF659CD2C72FE4D004D8ACA /* Sources */,
				DAF659CE2C72FE4D004D8ACA /* Frameworks */,
				DAF659CF2C72FE4D004D8ACA /* Resources */,
			);
			buildRules = (
			);
			dependencies = (
			);
			name = Tasky;
			packageProductDependencies = (
			);
			productName = Tasky;
			productReference = DAF659D12C72FE4D004D8ACA /* Tasky.app */;
			productType = "com.apple.product-type.application";
		};
/* End PBXNativeTarget section */

/* Begin PBXProject section */
		DAF659C92C72FE4D004D8ACA /* Project object */ = {
			isa = PBXProject;
			attributes = {
				BuildIndependentTargetsInParallel = 1;
				LastSwiftUpdateCheck = 1500;
				LastUpgradeCheck = 1500;
				TargetAttributes = {
					DAF659D02C72FE4D004D8ACA = {
						CreatedOnToolsVersion = 15.0.1;
					};
				};
			};
			buildConfigurationList = DAF659CC2C72FE4D004D8ACA /* Build configuration list for PBXProject "Tasky" */;
			compatibilityVersion = "Xcode 14.0";
			developmentRegion = en;
			hasScannedForEncodings = 0;
			knownRegions = (
				en,
				Base,
				ru,
			);
			mainGroup = DAF659C82C72FE4D004D8ACA;
			packageReferences = (
			);
			productRefGroup = DAF659D22C72FE4D004D8ACA /* Products */;
			projectDirPath = "";
			projectRoot = "";
			targets = (
				DAF659D02C72FE4D004D8ACA /* Tasky */,
			);
		};
/* End PBXProject section */

/* Begin PBXResourcesBuildPhase section */
		DAF659CF2C72FE4D004D8ACA /* Resources */ = {
			isa = PBXResourcesBuildPhase;
			buildActionMask = 2147483647;
			files = (
				DAF659DC2C72FE4F004D8ACA /* Preview Assets.xcassets in Resources */,
				DAF659D92C72FE4F004D8ACA /* Assets.xcassets in Resources */,
				DA4B19902C7AF19700899303 /* Localizable.xcstrings in Resources */,
			);
			runOnlyForDeploymentPostprocessing = 0;
		};
/* End PBXResourcesBuildPhase section */

/* Begin PBXSourcesBuildPhase section */
		DAF659CD2C72FE4D004D8ACA /* Sources */ = {
			isa = PBXSourcesBuildPhase;
			buildActionMask = 2147483647;
			files = (
				DA78376F2C74697F0007ECC2 /* ToDoEditView.swift in Sources */,
				DA9409F82C78822A004D054E /* MockDataAndStorageManager.swift in Sources */,
				DAF659F42C730707004D8ACA /* TodoViewModel.swift in Sources */,
				DA38A3582C771E8E007C3FB4 /* AddingTagView.swift in Sources */,
				DA9409E32C7872E5004D054E /* NotificationSettingsManaging.swift in Sources */,
				DA69446F2C7C40A30032437C /* ColorThemes.swift in Sources */,
				DAF659FB2C731878004D8ACA /* PriorityCapsuleView.swift in Sources */,
				DAF659D72C72FE4D004D8ACA /* MainView.swift in Sources */,
				DA4B197D2C7999F900899303 /* ArchivedTodosView.swift in Sources */,
				DA9409F62C787D9A004D054E /* DataAndStorageManager.swift in Sources */,
				DA4B19862C7ABED300899303 /* PrivacySecuritySettingsView.swift in Sources */,
				DA69446B2C7C3DB80032437C /* AppearanceSettingsManaging.swift in Sources */,
				DAF659F62C730CFE004D8ACA /* AddTodoView.swift in Sources */,
				DA4B197B2C79980400899303 /* PrivacyAndSecuritySettingsManager.swift in Sources */,
				DAF0635A2C7D65FC00ADE7E8 /* TagSettingsView.swift in Sources */,
				DAF659EE2C730284004D8ACA /* TodoModel.xcdatamodeld in Sources */,
				DA38A3492C759D14007C3FB4 /* DueDateFragmentView.swift in Sources */,
				DA4B19842C7ABE6800899303 /* MockPrivacySecurityManager.swift in Sources */,
				DA9409EE2C787981004D054E /* MockSettingsManager.swift in Sources */,
				DAF65A002C732950004D8ACA /* TodoDetailView.swift in Sources */,
				DA9409E72C78772F004D054E /* SettingsManaging.swift in Sources */,
				DA4B19792C79975C00899303 /* PrivacyAndSecurityManaging.swift in Sources */,
				DA38A3562C770C16007C3FB4 /* TagLazyFragmentView.swift in Sources */,
				DA9409EB2C787810004D054E /* SettingsManagerViewModel.swift in Sources */,
				DAF063622C7EDFA900ADE7E8 /* LaunchScreen.swift in Sources */,
				DA38A34D2C76B78C007C3FB4 /* SettingsView.swift in Sources */,
				DAF659F02C7302F8004D8ACA /* TodoView.swift in Sources */,
				DA38A3452C75890F007C3FB4 /* TodoViewHelpers.swift in Sources */,
				DA9409E92C7877C4004D054E /* SettingsManager.swift in Sources */,
				DAF659D52C72FE4D004D8ACA /* TaskyApp.swift in Sources */,
				DA38A3522C76F30C007C3FB4 /* DataAndStorageView.swift in Sources */,
				DAF0635E2C7EC43D00ADE7E8 /* TagsForTodoView.swift in Sources */,
				DA6944692C7C2D330032437C /* AppearanceView.swift in Sources */,
				DA2B1CE92C78134800C265B2 /* AllTagsFragmentView.swift in Sources */,
				DA6944712C7C45BA0032437C /* MockAppearanceSettingsManager.swift in Sources */,
				DAF659EB2C72FFE5004D8ACA /* PersistentController.swift in Sources */,
				DA4B19882C7AD64900899303 /* AuthenticateUserFragmentView.swift in Sources */,
				DA38A3502C76D009007C3FB4 /* NotificationAndSoundsView.swift in Sources */,
				DA9409F42C787C4C004D054E /* DataStorageManaging.swift in Sources */,
				DAF0635C2C7E85AB00ADE7E8 /* FAQView.swift in Sources */,
				DA9409E52C78748A004D054E /* NotificationSettingsManager.swift in Sources */,
				DA4B197F2C79AC8300899303 /* RemovedTodosView.swift in Sources */,
				DAF659F82C730DFF004D8ACA /* Constants.swift in Sources */,
				DA4B19812C79C46400899303 /* ArchivedTodoDetailView.swift in Sources */,
				DA69446D2C7C3E760032437C /* AppearanceSettingsManager.swift in Sources */,
				DA9409DC2C78471C004D054E /* TagViewModel.swift in Sources */,
				DA9409F22C787BA8004D054E /* MockPreviews.swift in Sources */,
				DA9409F02C7879BE004D054E /* MockNotificationSettingsManager.swift in Sources */,
			);
			runOnlyForDeploymentPostprocessing = 0;
		};
/* End PBXSourcesBuildPhase section */

/* Begin XCBuildConfiguration section */
		DAF659DD2C72FE4F004D8ACA /* Debug */ = {
			isa = XCBuildConfiguration;
			buildSettings = {
				ALWAYS_SEARCH_USER_PATHS = NO;
				ASSETCATALOG_COMPILER_GENERATE_SWIFT_ASSET_SYMBOL_EXTENSIONS = YES;
				CLANG_ANALYZER_NONNULL = YES;
				CLANG_ANALYZER_NUMBER_OBJECT_CONVERSION = YES_AGGRESSIVE;
				CLANG_CXX_LANGUAGE_STANDARD = "gnu++20";
				CLANG_ENABLE_MODULES = YES;
				CLANG_ENABLE_OBJC_ARC = YES;
				CLANG_ENABLE_OBJC_WEAK = YES;
				CLANG_WARN_BLOCK_CAPTURE_AUTORELEASING = YES;
				CLANG_WARN_BOOL_CONVERSION = YES;
				CLANG_WARN_COMMA = YES;
				CLANG_WARN_CONSTANT_CONVERSION = YES;
				CLANG_WARN_DEPRECATED_OBJC_IMPLEMENTATIONS = YES;
				CLANG_WARN_DIRECT_OBJC_ISA_USAGE = YES_ERROR;
				CLANG_WARN_DOCUMENTATION_COMMENTS = YES;
				CLANG_WARN_EMPTY_BODY = YES;
				CLANG_WARN_ENUM_CONVERSION = YES;
				CLANG_WARN_INFINITE_RECURSION = YES;
				CLANG_WARN_INT_CONVERSION = YES;
				CLANG_WARN_NON_LITERAL_NULL_CONVERSION = YES;
				CLANG_WARN_OBJC_IMPLICIT_RETAIN_SELF = YES;
				CLANG_WARN_OBJC_LITERAL_CONVERSION = YES;
				CLANG_WARN_OBJC_ROOT_CLASS = YES_ERROR;
				CLANG_WARN_QUOTED_INCLUDE_IN_FRAMEWORK_HEADER = YES;
				CLANG_WARN_RANGE_LOOP_ANALYSIS = YES;
				CLANG_WARN_STRICT_PROTOTYPES = YES;
				CLANG_WARN_SUSPICIOUS_MOVE = YES;
				CLANG_WARN_UNGUARDED_AVAILABILITY = YES_AGGRESSIVE;
				CLANG_WARN_UNREACHABLE_CODE = YES;
				CLANG_WARN__DUPLICATE_METHOD_MATCH = YES;
				COPY_PHASE_STRIP = NO;
				DEBUG_INFORMATION_FORMAT = dwarf;
				ENABLE_STRICT_OBJC_MSGSEND = YES;
				ENABLE_TESTABILITY = YES;
				ENABLE_USER_SCRIPT_SANDBOXING = YES;
				GCC_C_LANGUAGE_STANDARD = gnu17;
				GCC_DYNAMIC_NO_PIC = NO;
				GCC_NO_COMMON_BLOCKS = YES;
				GCC_OPTIMIZATION_LEVEL = 0;
				GCC_PREPROCESSOR_DEFINITIONS = (
					"DEBUG=1",
					"$(inherited)",
				);
				GCC_WARN_64_TO_32_BIT_CONVERSION = YES;
				GCC_WARN_ABOUT_RETURN_TYPE = YES_ERROR;
				GCC_WARN_UNDECLARED_SELECTOR = YES;
				GCC_WARN_UNINITIALIZED_AUTOS = YES_AGGRESSIVE;
				GCC_WARN_UNUSED_FUNCTION = YES;
				GCC_WARN_UNUSED_VARIABLE = YES;
				IPHONEOS_DEPLOYMENT_TARGET = 16.0;
				LOCALIZATION_PREFERS_STRING_CATALOGS = YES;
				MTL_ENABLE_DEBUG_INFO = INCLUDE_SOURCE;
				MTL_FAST_MATH = YES;
				ONLY_ACTIVE_ARCH = YES;
				SDKROOT = iphoneos;
				SWIFT_ACTIVE_COMPILATION_CONDITIONS = "DEBUG $(inherited)";
				SWIFT_OPTIMIZATION_LEVEL = "-Onone";
			};
			name = Debug;
		};
		DAF659DE2C72FE4F004D8ACA /* Release */ = {
			isa = XCBuildConfiguration;
			buildSettings = {
				ALWAYS_SEARCH_USER_PATHS = NO;
				ASSETCATALOG_COMPILER_GENERATE_SWIFT_ASSET_SYMBOL_EXTENSIONS = YES;
				CLANG_ANALYZER_NONNULL = YES;
				CLANG_ANALYZER_NUMBER_OBJECT_CONVERSION = YES_AGGRESSIVE;
				CLANG_CXX_LANGUAGE_STANDARD = "gnu++20";
				CLANG_ENABLE_MODULES = YES;
				CLANG_ENABLE_OBJC_ARC = YES;
				CLANG_ENABLE_OBJC_WEAK = YES;
				CLANG_WARN_BLOCK_CAPTURE_AUTORELEASING = YES;
				CLANG_WARN_BOOL_CONVERSION = YES;
				CLANG_WARN_COMMA = YES;
				CLANG_WARN_CONSTANT_CONVERSION = YES;
				CLANG_WARN_DEPRECATED_OBJC_IMPLEMENTATIONS = YES;
				CLANG_WARN_DIRECT_OBJC_ISA_USAGE = YES_ERROR;
				CLANG_WARN_DOCUMENTATION_COMMENTS = YES;
				CLANG_WARN_EMPTY_BODY = YES;
				CLANG_WARN_ENUM_CONVERSION = YES;
				CLANG_WARN_INFINITE_RECURSION = YES;
				CLANG_WARN_INT_CONVERSION = YES;
				CLANG_WARN_NON_LITERAL_NULL_CONVERSION = YES;
				CLANG_WARN_OBJC_IMPLICIT_RETAIN_SELF = YES;
				CLANG_WARN_OBJC_LITERAL_CONVERSION = YES;
				CLANG_WARN_OBJC_ROOT_CLASS = YES_ERROR;
				CLANG_WARN_QUOTED_INCLUDE_IN_FRAMEWORK_HEADER = YES;
				CLANG_WARN_RANGE_LOOP_ANALYSIS = YES;
				CLANG_WARN_STRICT_PROTOTYPES = YES;
				CLANG_WARN_SUSPICIOUS_MOVE = YES;
				CLANG_WARN_UNGUARDED_AVAILABILITY = YES_AGGRESSIVE;
				CLANG_WARN_UNREACHABLE_CODE = YES;
				CLANG_WARN__DUPLICATE_METHOD_MATCH = YES;
				COPY_PHASE_STRIP = NO;
				DEBUG_INFORMATION_FORMAT = "dwarf-with-dsym";
				ENABLE_NS_ASSERTIONS = NO;
				ENABLE_STRICT_OBJC_MSGSEND = YES;
				ENABLE_USER_SCRIPT_SANDBOXING = YES;
				GCC_C_LANGUAGE_STANDARD = gnu17;
				GCC_NO_COMMON_BLOCKS = YES;
				GCC_WARN_64_TO_32_BIT_CONVERSION = YES;
				GCC_WARN_ABOUT_RETURN_TYPE = YES_ERROR;
				GCC_WARN_UNDECLARED_SELECTOR = YES;
				GCC_WARN_UNINITIALIZED_AUTOS = YES_AGGRESSIVE;
				GCC_WARN_UNUSED_FUNCTION = YES;
				GCC_WARN_UNUSED_VARIABLE = YES;
				IPHONEOS_DEPLOYMENT_TARGET = 16.0;
				LOCALIZATION_PREFERS_STRING_CATALOGS = YES;
				MTL_ENABLE_DEBUG_INFO = NO;
				MTL_FAST_MATH = YES;
				SDKROOT = iphoneos;
				SWIFT_COMPILATION_MODE = wholemodule;
				VALIDATE_PRODUCT = YES;
			};
			name = Release;
		};
		DAF659E02C72FE4F004D8ACA /* Debug */ = {
			isa = XCBuildConfiguration;
			buildSettings = {
				ASSETCATALOG_COMPILER_APPICON_NAME = AppIcon;
				ASSETCATALOG_COMPILER_GLOBAL_ACCENT_COLOR_NAME = AccentColor;
				ASSETCATALOG_COMPILER_INCLUDE_ALL_APPICON_ASSETS = YES;
				CODE_SIGN_STYLE = Automatic;
				CURRENT_PROJECT_VERSION = 1;
				DEVELOPMENT_ASSET_PATHS = "\"Tasky/Preview Content\"";
				DEVELOPMENT_TEAM = UJQW6TGS7Z;
				ENABLE_PREVIEWS = YES;
				GENERATE_INFOPLIST_FILE = YES;
				INFOPLIST_FILE = Tasky/Info.plist;
				INFOPLIST_KEY_CFBundleDisplayName = Tasky;
				INFOPLIST_KEY_NSFaceIDUsageDescription = "Use Face ID for unlocking the app. Securing the user's data. Applicable if user wants it";
				INFOPLIST_KEY_UIApplicationSceneManifest_Generation = YES;
				INFOPLIST_KEY_UIApplicationSupportsIndirectInputEvents = YES;
				INFOPLIST_KEY_UILaunchScreen_Generation = YES;
				INFOPLIST_KEY_UISupportedInterfaceOrientations = UIInterfaceOrientationPortrait;
				INFOPLIST_KEY_UISupportedInterfaceOrientations_iPad = "UIInterfaceOrientationLandscapeLeft UIInterfaceOrientationLandscapeRight UIInterfaceOrientationPortrait UIInterfaceOrientationPortraitUpsideDown";
				IPHONEOS_DEPLOYMENT_TARGET = 16.0;
				LD_RUNPATH_SEARCH_PATHS = (
					"$(inherited)",
					"@executable_path/Frameworks",
				);
				MARKETING_VERSION = 1.0;
				PRODUCT_BUNDLE_IDENTIFIER = Dantes.TaskyManage;
				PRODUCT_NAME = "$(TARGET_NAME)";
				SUPPORTED_PLATFORMS = "iphoneos iphonesimulator";
				SUPPORTS_MACCATALYST = NO;
				SUPPORTS_MAC_DESIGNED_FOR_IPHONE_IPAD = NO;
				SWIFT_EMIT_LOC_STRINGS = YES;
				SWIFT_VERSION = 5.0;
				TARGETED_DEVICE_FAMILY = 1;
			};
			name = Debug;
		};
		DAF659E12C72FE4F004D8ACA /* Release */ = {
			isa = XCBuildConfiguration;
			buildSettings = {
				ASSETCATALOG_COMPILER_APPICON_NAME = AppIcon;
				ASSETCATALOG_COMPILER_GLOBAL_ACCENT_COLOR_NAME = AccentColor;
				ASSETCATALOG_COMPILER_INCLUDE_ALL_APPICON_ASSETS = YES;
				CODE_SIGN_STYLE = Automatic;
				CURRENT_PROJECT_VERSION = 1;
				DEVELOPMENT_ASSET_PATHS = "\"Tasky/Preview Content\"";
				DEVELOPMENT_TEAM = UJQW6TGS7Z;
				ENABLE_PREVIEWS = YES;
				GENERATE_INFOPLIST_FILE = YES;
				INFOPLIST_FILE = Tasky/Info.plist;
				INFOPLIST_KEY_CFBundleDisplayName = Tasky;
				INFOPLIST_KEY_NSFaceIDUsageDescription = "Use Face ID for unlocking the app. Securing the user's data. Applicable if user wants it";
				INFOPLIST_KEY_UIApplicationSceneManifest_Generation = YES;
				INFOPLIST_KEY_UIApplicationSupportsIndirectInputEvents = YES;
				INFOPLIST_KEY_UILaunchScreen_Generation = YES;
				INFOPLIST_KEY_UISupportedInterfaceOrientations = UIInterfaceOrientationPortrait;
				INFOPLIST_KEY_UISupportedInterfaceOrientations_iPad = "UIInterfaceOrientationLandscapeLeft UIInterfaceOrientationLandscapeRight UIInterfaceOrientationPortrait UIInterfaceOrientationPortraitUpsideDown";
				IPHONEOS_DEPLOYMENT_TARGET = 16.0;
				LD_RUNPATH_SEARCH_PATHS = (
					"$(inherited)",
					"@executable_path/Frameworks",
				);
				MARKETING_VERSION = 1.0;
				PRODUCT_BUNDLE_IDENTIFIER = Dantes.TaskyManage;
				PRODUCT_NAME = "$(TARGET_NAME)";
				SUPPORTED_PLATFORMS = "iphoneos iphonesimulator";
				SUPPORTS_MACCATALYST = NO;
				SUPPORTS_MAC_DESIGNED_FOR_IPHONE_IPAD = NO;
				SWIFT_EMIT_LOC_STRINGS = YES;
				SWIFT_VERSION = 5.0;
				TARGETED_DEVICE_FAMILY = 1;
			};
			name = Release;
		};
/* End XCBuildConfiguration section */

/* Begin XCConfigurationList section */
		DAF659CC2C72FE4D004D8ACA /* Build configuration list for PBXProject "Tasky" */ = {
			isa = XCConfigurationList;
			buildConfigurations = (
				DAF659DD2C72FE4F004D8ACA /* Debug */,
				DAF659DE2C72FE4F004D8ACA /* Release */,
			);
			defaultConfigurationIsVisible = 0;
			defaultConfigurationName = Release;
		};
		DAF659DF2C72FE4F004D8ACA /* Build configuration list for PBXNativeTarget "Tasky" */ = {
			isa = XCConfigurationList;
			buildConfigurations = (
				DAF659E02C72FE4F004D8ACA /* Debug */,
				DAF659E12C72FE4F004D8ACA /* Release */,
			);
			defaultConfigurationIsVisible = 0;
			defaultConfigurationName = Release;
		};
/* End XCConfigurationList section */

/* Begin XCVersionGroup section */
		DAF659EC2C730284004D8ACA /* TodoModel.xcdatamodeld */ = {
			isa = XCVersionGroup;
			children = (
				DAF659ED2C730284004D8ACA /* TodoModel.xcdatamodel */,
			);
			currentVersion = DAF659ED2C730284004D8ACA /* TodoModel.xcdatamodel */;
			path = TodoModel.xcdatamodeld;
			sourceTree = "<group>";
			versionGroupType = wrapper.xcdatamodel;
		};
/* End XCVersionGroup section */
	};
	rootObject = DAF659C92C72FE4D004D8ACA /* Project object */;
}
